
Microsoft Visual Studio Solution File, Format Version 12.00
# Visual Studio 15
VisualStudioVersion = 15.0.28010.2041
MinimumVisualStudioVersion = 10.0.40219.1
Project("{FAE04EC0-301F-11D3-BF4B-00C04F79EFBC}") = "CapstoneProjectSample", "CapstoneProjectSample\CapstoneProjectSample.csproj", "{C10D67A4-1FC2-43B8-875F-E935F0544A73}"
EndProject
Project("{FAE04EC0-301F-11D3-BF4B-00C04F79EFBC}") = "CapstoneAzureStorageService", "CapstoneAzureStorageService\CapstoneAzureStorageService.csproj", "{4A1DBD3E-7DC7-44E7-BBE8-3B4997AAB3D9}"
EndProject
Project("{FAE04EC0-301F-11D3-BF4B-00C04F79EFBC}") = "CapstoneWebJob", "CapstoneWebJob\CapstoneWebJob.csproj", "{1E2CF053-3234-4F5E-AE25-7AD1145B7682}"
EndProject
Project("{FAE04EC0-301F-11D3-BF4B-00C04F79EFBC}") = "CapstoneServiceBus", "CapstoneServiceBus\CapstoneServiceBus.csproj", "{C8D33847-82F7-43EF-AE94-A17D70A3D909}"
EndProject
Project("{FAE04EC0-301F-11D3-BF4B-00C04F79EFBC}") = "CabDriversDAL", "..\..\SuppliedFiles\SuppliedFiles\CabDriversDAL\CabDriversDAL.csproj", "{8B0E2362-2230-48CA-B0DA-EB1822CED30C}"
EndProject
Global
	GlobalSection(SolutionConfigurationPlatforms) = preSolution
		Debug|Any CPU = Debug|Any CPU
		Release|Any CPU = Release|Any CPU
	EndGlobalSection
	GlobalSection(ProjectConfigurationPlatforms) = postSolution
		{C10D67A4-1FC2-43B8-875F-E935F0544A73}.Debug|Any CPU.ActiveCfg = Debug|Any CPU
		{C10D67A4-1FC2-43B8-875F-E935F0544A73}.Debug|Any CPU.Build.0 = Debug|Any CPU
		{C10D67A4-1FC2-43B8-875F-E935F0544A73}.Release|Any CPU.ActiveCfg = Release|Any CPU
		{C10D67A4-1FC2-43B8-875F-E935F0544A73}.Release|Any CPU.Build.0 = Release|Any CPU
		{4A1DBD3E-7DC7-44E7-BBE8-3B4997AAB3D9}.Debug|Any CPU.ActiveCfg = Debug|Any CPU
		{4A1DBD3E-7DC7-44E7-BBE8-3B4997AAB3D9}.Debug|Any CPU.Build.0 = Debug|Any CPU
		{4A1DBD3E-7DC7-44E7-BBE8-3B4997AAB3D9}.Release|Any CPU.ActiveCfg = Release|Any CPU
		{4A1DBD3E-7DC7-44E7-BBE8-3B4997AAB3D9}.Release|Any CPU.Build.0 = Release|Any CPU
		{1E2CF053-3234-4F5E-AE25-7AD1145B7682}.Debug|Any CPU.ActiveCfg = Debug|Any CPU
		{1E2CF053-3234-4F5E-AE25-7AD1145B7682}.Debug|Any CPU.Build.0 = Debug|Any CPU
		{1E2CF053-3234-4F5E-AE25-7AD1145B7682}.Release|Any CPU.ActiveCfg = Release|Any CPU
		{1E2CF053-3234-4F5E-AE25-7AD1145B7682}.Release|Any CPU.Build.0 = Release|Any CPU
		{C8D33847-82F7-43EF-AE94-A17D70A3D909}.Debug|Any CPU.ActiveCfg = Debug|Any CPU
		{C8D33847-82F7-43EF-AE94-A17D70A3D909}.Debug|Any CPU.Build.0 = Debug|Any CPU
		{C8D33847-82F7-43EF-AE94-A17D70A3D909}.Release|Any CPU.ActiveCfg = Release|Any CPU
		{C8D33847-82F7-43EF-AE94-A17D70A3D909}.Release|Any CPU.Build.0 = Release|Any CPU
		{8B0E2362-2230-48CA-B0DA-EB1822CED30C}.Debug|Any CPU.ActiveCfg = Debug|Any CPU
		{8B0E2362-2230-48CA-B0DA-EB1822CED30C}.Debug|Any CPU.Build.0 = Debug|Any CPU
		{8B0E2362-2230-48CA-B0DA-EB1822CED30C}.Release|Any CPU.ActiveCfg = Release|Any CPU
		{8B0E2362-2230-48CA-B0DA-EB1822CED30C}.Release|Any CPU.Build.0 = Release|Any CPU
	EndGlobalSection
	GlobalSection(SolutionProperties) = preSolution
		HideSolutionNode = FALSE
	EndGlobalSection
	GlobalSection(ExtensibilityGlobals) = postSolution
		SolutionGuid = {B919F03B-6874-437C-876A-553FA0735F48}
	EndGlobalSection
EndGlobal
